Microsoft Visual Studio Solution File, Format Version 12.00
# Visual Studio Version 17
VisualStudioVersion = 17.8.34316.72
MinimumVisualStudioVersion = 16.0.0.0
Project("{9A19103F-16F7-4668-BE54-9A1E7A4F7556}") = "Blazor2App.Server", "Blazor2App.Server\Blazor2App.Server.csproj", "{563B85AD-5CE0-49D0-B37C-FFE67719A96A}"
EndProject
Project("{9A19103F-16F7-4668-BE54-9A1E7A4F7556}") = "Blazor2App.Client", "Blazor2App.Client\Blazor2App.Client.csproj", "{AF3C12A3-629C-4173-B285-629E4468DD0A}"
EndProject
Project("{9A19103F-16F7-4668-BE54-9A1E7A4F7556}") = "Blazor2App.Shared", "Blazor2App.Shared\Blazor2App.Shared.csproj", "{471A8CB9-20CA-4017-A720-21032E52769E}"
EndProject
Project("{9A19103F-16F7-4668-BE54-9A1E7A4F7556}") = "Blazor2App.Database", "Blazor2App.Database\Blazor2App.Database.csproj", "{7F916CF9-3914-4F13-A31A-F7B171D2FB7C}"
EndProject
Project("{9A19103F-16F7-4668-BE54-9A1E7A4F7556}") = "Blazor2App.Application", "Blazor2App.Application\Blazor2App.Application.csproj", "{074EFAF3-EF03-4F5A-B63E-15579A25C122}"
EndProject
Project("{9A19103F-16F7-4668-BE54-9A1E7A4F7556}") = "Blazor2App.Repository", "Blazor2App.Repository\Blazor2App.Repository.csproj", "{CA81A039-C21D-443D-AD78-A9129A6B1CA2}"
EndProject
Project("{9A19103F-16F7-4668-BE54-9A1E7A4F7556}") = "Blazor2App.ServiceBus", "Blazor2App.ServiceBus\Blazor2App.ServiceBus.csproj", "{CA71B139-7A33-4E0D-B789-E72EDCD354E3}"
EndProject
Project("{2150E333-8FDC-42A3-9474-1A3956D46DE8}") = "01.Hosting", "01.Hosting", "{4F03349B-F593-43FF-8AC3-840F9719533C}"
EndProject
Project("{2150E333-8FDC-42A3-9474-1A3956D46DE8}") = "02.Infrastructure", "02.Infrastructure", "{80316025-82CE-4DCA-AAC8-34C7D5422911}"
EndProject
Project("{2150E333-8FDC-42A3-9474-1A3956D46DE8}") = "03.Application", "03.Application", "{BA2EA905-E129-4F9C-8FC0-BE643F9B967D}"
EndProject
Project("{2150E333-8FDC-42A3-9474-1A3956D46DE8}") = "99.Shared", "99.Shared", "{AE73CD1E-7ED0-4E5E-961B-28D9CFCC5FF5}"
EndProject
Project("{9A19103F-16F7-4668-BE54-9A1E7A4F7556}") = "Blazor2App.Application.Test", "Blazor2App.Application.Test\Blazor2App.Application.Test.csproj", "{0E5AD4C5-DCA2-4AD6-BEF6-3666D59D6901}"
EndProject
Project("{9A19103F-16F7-4668-BE54-9A1E7A4F7556}") = "Blazor2App.Repository.Test", "Blazor2App.Repository.Test\Blazor2App.Repository.Test.csproj", "{D18042D3-43F9-4EE1-A16E-8CC3F82E131D}"
EndProject
Project("{9A19103F-16F7-4668-BE54-9A1E7A4F7556}") = "Blazor2App.Infrastructure", "Blazor2App.Infrastructure\Blazor2App.Infrastructure.csproj", "{F4E387A9-EE3D-4D32-841D-2ADBCA518ECA}"
EndProject
Project("{9A19103F-16F7-4668-BE54-9A1E7A4F7556}") = "Blazor2App.ConsumerDemo", "Blazor2App.ConsumerDemo\Blazor2App.ConsumerDemo.csproj", "{CDDD78F2-52BE-4997-A90B-025162A6B75E}"
EndProject
Project("{9A19103F-16F7-4668-BE54-9A1E7A4F7556}") = "Blazor2App.Services", "Blazor2App.Services\Blazor2App.Services.csproj", "{85F2C927-3165-41FE-93B3-EB8D0852C783}"
EndProject
Global
	GlobalSection(SolutionConfigurationPlatforms) = preSolution
		Debug|Any CPU = Debug|Any CPU
		Debug|x64 = Debug|x64
		Debug|x86 = Debug|x86
		Release|Any CPU = Release|Any CPU
		Release|x64 = Release|x64
		Release|x86 = Release|x86
	EndGlobalSection
	GlobalSection(ProjectConfigurationPlatforms) = postSolution
		{563B85AD-5CE0-49D0-B37C-FFE67719A96A}.Debug|Any CPU.ActiveCfg = Debug|Any CPU
		{563B85AD-5CE0-49D0-B37C-FFE67719A96A}.Debug|Any CPU.Build.0 = Debug|Any CPU
		{563B85AD-5CE0-49D0-B37C-FFE67719A96A}.Debug|x64.ActiveCfg = Debug|Any CPU
		{563B85AD-5CE0-49D0-B37C-FFE67719A96A}.Debug|x64.Build.0 = Debug|Any CPU
		{563B85AD-5CE0-49D0-B37C-FFE67719A96A}.Debug|x86.ActiveCfg = Debug|Any CPU
		{563B85AD-5CE0-49D0-B37C-FFE67719A96A}.Debug|x86.Build.0 = Debug|Any CPU
		{563B85AD-5CE0-49D0-B37C-FFE67719A96A}.Release|Any CPU.ActiveCfg = Release|Any CPU
		{563B85AD-5CE0-49D0-B37C-FFE67719A96A}.Release|Any CPU.Build.0 = Release|Any CPU
		{563B85AD-5CE0-49D0-B37C-FFE67719A96A}.Release|x64.ActiveCfg = Release|Any CPU
		{563B85AD-5CE0-49D0-B37C-FFE67719A96A}.Release|x64.Build.0 = Release|Any CPU
		{563B85AD-5CE0-49D0-B37C-FFE67719A96A}.Release|x86.ActiveCfg = Release|Any CPU
		{563B85AD-5CE0-49D0-B37C-FFE67719A96A}.Release|x86.Build.0 = Release|Any CPU
		{AF3C12A3-629C-4173-B285-629E4468DD0A}.Debug|Any CPU.ActiveCfg = Debug|Any CPU
		{AF3C12A3-629C-4173-B285-629E4468DD0A}.Debug|Any CPU.Build.0 = Debug|Any CPU
		{AF3C12A3-629C-4173-B285-629E4468DD0A}.Debug|x64.ActiveCfg = Debug|Any CPU
		{AF3C12A3-629C-4173-B285-629E4468DD0A}.Debug|x64.Build.0 = Debug|Any CPU
		{AF3C12A3-629C-4173-B285-629E4468DD0A}.Debug|x86.ActiveCfg = Debug|Any CPU
		{AF3C12A3-629C-4173-B285-629E4468DD0A}.Debug|x86.Build.0 = Debug|Any CPU
		{AF3C12A3-629C-4173-B285-629E4468DD0A}.Release|Any CPU.ActiveCfg = Release|Any CPU
		{AF3C12A3-629C-4173-B285-629E4468DD0A}.Release|Any CPU.Build.0 = Release|Any CPU
		{AF3C12A3-629C-4173-B285-629E4468DD0A}.Release|x64.ActiveCfg = Release|Any CPU
		{AF3C12A3-629C-4173-B285-629E4468DD0A}.Release|x64.Build.0 = Release|Any CPU
		{AF3C12A3-629C-4173-B285-629E4468DD0A}.Release|x86.ActiveCfg = Release|Any CPU
		{AF3C12A3-629C-4173-B285-629E4468DD0A}.Release|x86.Build.0 = Release|Any CPU
		{471A8CB9-20CA-4017-A720-21032E52769E}.Debug|Any CPU.ActiveCfg = Debug|Any CPU
		{471A8CB9-20CA-4017-A720-21032E52769E}.Debug|Any CPU.Build.0 = Debug|Any CPU
		{471A8CB9-20CA-4017-A720-21032E52769E}.Debug|x64.ActiveCfg = Debug|Any CPU
		{471A8CB9-20CA-4017-A720-21032E52769E}.Debug|x64.Build.0 = Debug|Any CPU
		{471A8CB9-20CA-4017-A720-21032E52769E}.Debug|x86.ActiveCfg = Debug|Any CPU
		{471A8CB9-20CA-4017-A720-21032E52769E}.Debug|x86.Build.0 = Debug|Any CPU
		{471A8CB9-20CA-4017-A720-21032E52769E}.Release|Any CPU.ActiveCfg = Release|Any CPU
		{471A8CB9-20CA-4017-A720-21032E52769E}.Release|Any CPU.Build.0 = Release|Any CPU
		{471A8CB9-20CA-4017-A720-21032E52769E}.Release|x64.ActiveCfg = Release|Any CPU
		{471A8CB9-20CA-4017-A720-21032E52769E}.Release|x64.Build.0 = Release|Any CPU
		{471A8CB9-20CA-4017-A720-21032E52769E}.Release|x86.ActiveCfg = Release|Any CPU
		{471A8CB9-20CA-4017-A720-21032E52769E}.Release|x86.Build.0 = Release|Any CPU
		{7F916CF9-3914-4F13-A31A-F7B171D2FB7C}.Debug|Any CPU.ActiveCfg = Debug|Any CPU
		{7F916CF9-3914-4F13-A31A-F7B171D2FB7C}.Debug|Any CPU.Build.0 = Debug|Any CPU
		{7F916CF9-3914-4F13-A31A-F7B171D2FB7C}.Debug|x64.ActiveCfg = Debug|Any CPU
		{7F916CF9-3914-4F13-A31A-F7B171D2FB7C}.Debug|x64.Build.0 = Debug|Any CPU
		{7F916CF9-3914-4F13-A31A-F7B171D2FB7C}.Debug|x86.ActiveCfg = Debug|Any CPU
		{7F916CF9-3914-4F13-A31A-F7B171D2FB7C}.Debug|x86.Build.0 = Debug|Any CPU
		{7F916CF9-3914-4F13-A31A-F7B171D2FB7C}.Release|Any CPU.ActiveCfg = Release|Any CPU
		{7F916CF9-3914-4F13-A31A-F7B171D2FB7C}.Release|Any CPU.Build.0 = Release|Any CPU
		{7F916CF9-3914-4F13-A31A-F7B171D2FB7C}.Release|x64.ActiveCfg = Release|Any CPU
		{7F916CF9-3914-4F13-A31A-F7B171D2FB7C}.Release|x64.Build.0 = Release|Any CPU
		{7F916CF9-3914-4F13-A31A-F7B171D2FB7C}.Release|x86.ActiveCfg = Release|Any CPU
		{7F916CF9-3914-4F13-A31A-F7B171D2FB7C}.Release|x86.Build.0 = Release|Any CPU
		{074EFAF3-EF03-4F5A-B63E-15579A25C122}.Debug|Any CPU.ActiveCfg = Debug|Any CPU
		{074EFAF3-EF03-4F5A-B63E-15579A25C122}.Debug|Any CPU.Build.0 = Debug|Any CPU
		{074EFAF3-EF03-4F5A-B63E-15579A25C122}.Debug|x64.ActiveCfg = Debug|Any CPU
		{074EFAF3-EF03-4F5A-B63E-15579A25C122}.Debug|x64.Build.0 = Debug|Any CPU
		{074EFAF3-EF03-4F5A-B63E-15579A25C122}.Debug|x86.ActiveCfg = Debug|Any CPU
		{074EFAF3-EF03-4F5A-B63E-15579A25C122}.Debug|x86.Build.0 = Debug|Any CPU
		{074EFAF3-EF03-4F5A-B63E-15579A25C122}.Release|Any CPU.ActiveCfg = Release|Any CPU
		{074EFAF3-EF03-4F5A-B63E-15579A25C122}.Release|Any CPU.Build.0 = Release|Any CPU
		{074EFAF3-EF03-4F5A-B63E-15579A25C122}.Release|x64.ActiveCfg = Release|Any CPU
		{074EFAF3-EF03-4F5A-B63E-15579A25C122}.Release|x64.Build.0 = Release|Any CPU
		{074EFAF3-EF03-4F5A-B63E-15579A25C122}.Release|x86.ActiveCfg = Release|Any CPU
		{074EFAF3-EF03-4F5A-B63E-15579A25C122}.Release|x86.Build.0 = Release|Any CPU
		{CA81A039-C21D-443D-AD78-A9129A6B1CA2}.Debug|Any CPU.ActiveCfg = Debug|Any CPU
		{CA81A039-C21D-443D-AD78-A9129A6B1CA2}.Debug|Any CPU.Build.0 = Debug|Any CPU
		{CA81A039-C21D-443D-AD78-A9129A6B1CA2}.Debug|x64.ActiveCfg = Debug|Any CPU
		{CA81A039-C21D-443D-AD78-A9129A6B1CA2}.Debug|x64.Build.0 = Debug|Any CPU
		{CA81A039-C21D-443D-AD78-A9129A6B1CA2}.Debug|x86.ActiveCfg = Debug|Any CPU
		{CA81A039-C21D-443D-AD78-A9129A6B1CA2}.Debug|x86.Build.0 = Debug|Any CPU
		{CA81A039-C21D-443D-AD78-A9129A6B1CA2}.Release|Any CPU.ActiveCfg = Release|Any CPU
		{CA81A039-C21D-443D-AD78-A9129A6B1CA2}.Release|Any CPU.Build.0 = Release|Any CPU
		{CA81A039-C21D-443D-AD78-A9129A6B1CA2}.Release|x64.ActiveCfg = Release|Any CPU
		{CA81A039-C21D-443D-AD78-A9129A6B1CA2}.Release|x64.Build.0 = Release|Any CPU
		{CA81A039-C21D-443D-AD78-A9129A6B1CA2}.Release|x86.ActiveCfg = Release|Any CPU
		{CA81A039-C21D-443D-AD78-A9129A6B1CA2}.Release|x86.Build.0 = Release|Any CPU
		{CA71B139-7A33-4E0D-B789-E72EDCD354E3}.Debug|Any CPU.ActiveCfg = Debug|Any CPU
		{CA71B139-7A33-4E0D-B789-E72EDCD354E3}.Debug|Any CPU.Build.0 = Debug|Any CPU
		{CA71B139-7A33-4E0D-B789-E72EDCD354E3}.Debug|x64.ActiveCfg = Debug|Any CPU
		{CA71B139-7A33-4E0D-B789-E72EDCD354E3}.Debug|x64.Build.0 = Debug|Any CPU
		{CA71B139-7A33-4E0D-B789-E72EDCD354E3}.Debug|x86.ActiveCfg = Debug|Any CPU
		{CA71B139-7A33-4E0D-B789-E72EDCD354E3}.Debug|x86.Build.0 = Debug|Any CPU
		{CA71B139-7A33-4E0D-B789-E72EDCD354E3}.Release|Any CPU.ActiveCfg = Release|Any CPU
		{CA71B139-7A33-4E0D-B789-E72EDCD354E3}.Release|Any CPU.Build.0 = Release|Any CPU
		{CA71B139-7A33-4E0D-B789-E72EDCD354E3}.Release|x64.ActiveCfg = Release|Any CPU
		{CA71B139-7A33-4E0D-B789-E72EDCD354E3}.Release|x64.Build.0 = Release|Any CPU
		{CA71B139-7A33-4E0D-B789-E72EDCD354E3}.Release|x86.ActiveCfg = Release|Any CPU
		{CA71B139-7A33-4E0D-B789-E72EDCD354E3}.Release|x86.Build.0 = Release|Any CPU
		{0E5AD4C5-DCA2-4AD6-BEF6-3666D59D6901}.Debug|Any CPU.ActiveCfg = Debug|Any CPU
		{0E5AD4C5-DCA2-4AD6-BEF6-3666D59D6901}.Debug|Any CPU.Build.0 = Debug|Any CPU
		{0E5AD4C5-DCA2-4AD6-BEF6-3666D59D6901}.Debug|x64.ActiveCfg = Debug|Any CPU
		{0E5AD4C5-DCA2-4AD6-BEF6-3666D59D6901}.Debug|x64.Build.0 = Debug|Any CPU
		{0E5AD4C5-DCA2-4AD6-BEF6-3666D59D6901}.Debug|x86.ActiveCfg = Debug|Any CPU
		{0E5AD4C5-DCA2-4AD6-BEF6-3666D59D6901}.Debug|x86.Build.0 = Debug|Any CPU
		{0E5AD4C5-DCA2-4AD6-BEF6-3666D59D6901}.Release|Any CPU.ActiveCfg = Release|Any CPU
		{0E5AD4C5-DCA2-4AD6-BEF6-3666D59D6901}.Release|Any CPU.Build.0 = Release|Any CPU
		{0E5AD4C5-DCA2-4AD6-BEF6-3666D59D6901}.Release|x64.ActiveCfg = Release|Any CPU
		{0E5AD4C5-DCA2-4AD6-BEF6-3666D59D6901}.Release|x64.Build.0 = Release|Any CPU
		{0E5AD4C5-DCA2-4AD6-BEF6-3666D59D6901}.Release|x86.ActiveCfg = Release|Any CPU
		{0E5AD4C5-DCA2-4AD6-BEF6-3666D59D6901}.Release|x86.Build.0 = Release|Any CPU
		{D18042D3-43F9-4EE1-A16E-8CC3F82E131D}.Debug|Any CPU.ActiveCfg = Debug|Any CPU
		{D18042D3-43F9-4EE1-A16E-8CC3F82E131D}.Debug|Any CPU.Build.0 = Debug|Any CPU
		{D18042D3-43F9-4EE1-A16E-8CC3F82E131D}.Debug|x64.ActiveCfg = Debug|Any CPU
		{D18042D3-43F9-4EE1-A16E-8CC3F82E131D}.Debug|x64.Build.0 = Debug|Any CPU
		{D18042D3-43F9-4EE1-A16E-8CC3F82E131D}.Debug|x86.ActiveCfg = Debug|Any CPU
		{D18042D3-43F9-4EE1-A16E-8CC3F82E131D}.Debug|x86.Build.0 = Debug|Any CPU
		{D18042D3-43F9-4EE1-A16E-8CC3F82E131D}.Release|Any CPU.ActiveCfg = Release|Any CPU
		{D18042D3-43F9-4EE1-A16E-8CC3F82E131D}.Release|Any CPU.Build.0 = Release|Any CPU
		{D18042D3-43F9-4EE1-A16E-8CC3F82E131D}.Release|x64.ActiveCfg = Release|Any CPU
		{D18042D3-43F9-4EE1-A16E-8CC3F82E131D}.Release|x64.Build.0 = Release|Any CPU
		{D18042D3-43F9-4EE1-A16E-8CC3F82E131D}.Release|x86.ActiveCfg = Release|Any CPU
		{D18042D3-43F9-4EE1-A16E-8CC3F82E131D}.Release|x86.Build.0 = Release|Any CPU
		{F4E387A9-EE3D-4D32-841D-2ADBCA518ECA}.Debug|Any CPU.ActiveCfg = Debug|Any CPU
		{F4E387A9-EE3D-4D32-841D-2ADBCA518ECA}.Debug|Any CPU.Build.0 = Debug|Any CPU
		{F4E387A9-EE3D-4D32-841D-2ADBCA518ECA}.Debug|x64.ActiveCfg = Debug|Any CPU
		{F4E387A9-EE3D-4D32-841D-2ADBCA518ECA}.Debug|x64.Build.0 = Debug|Any CPU
		{F4E387A9-EE3D-4D32-841D-2ADBCA518ECA}.Debug|x86.ActiveCfg = Debug|Any CPU
		{F4E387A9-EE3D-4D32-841D-2ADBCA518ECA}.Debug|x86.Build.0 = Debug|Any CPU
		{F4E387A9-EE3D-4D32-841D-2ADBCA518ECA}.Release|Any CPU.ActiveCfg = Release|Any CPU
		{F4E387A9-EE3D-4D32-841D-2ADBCA518ECA}.Release|Any CPU.Build.0 = Release|Any CPU
		{F4E387A9-EE3D-4D32-841D-2ADBCA518ECA}.Release|x64.ActiveCfg = Release|Any CPU
		{F4E387A9-EE3D-4D32-841D-2ADBCA518ECA}.Release|x64.Build.0 = Release|Any CPU
		{F4E387A9-EE3D-4D32-841D-2ADBCA518ECA}.Release|x86.ActiveCfg = Release|Any CPU
		{F4E387A9-EE3D-4D32-841D-2ADBCA518ECA}.Release|x86.Build.0 = Release|Any CPU
		{CDDD78F2-52BE-4997-A90B-025162A6B75E}.Debug|Any CPU.ActiveCfg = Debug|Any CPU
		{CDDD78F2-52BE-4997-A90B-025162A6B75E}.Debug|Any CPU.Build.0 = Debug|Any CPU
		{CDDD78F2-52BE-4997-A90B-025162A6B75E}.Debug|x64.ActiveCfg = Debug|Any CPU
		{CDDD78F2-52BE-4997-A90B-025162A6B75E}.Debug|x64.Build.0 = Debug|Any CPU
		{CDDD78F2-52BE-4997-A90B-025162A6B75E}.Debug|x86.ActiveCfg = Debug|Any CPU
		{CDDD78F2-52BE-4997-A90B-025162A6B75E}.Debug|x86.Build.0 = Debug|Any CPU
		{CDDD78F2-52BE-4997-A90B-025162A6B75E}.Release|Any CPU.ActiveCfg = Release|Any CPU
		{CDDD78F2-52BE-4997-A90B-025162A6B75E}.Release|Any CPU.Build.0 = Release|Any CPU
		{CDDD78F2-52BE-4997-A90B-025162A6B75E}.Release|x64.ActiveCfg = Release|Any CPU
		{CDDD78F2-52BE-4997-A90B-025162A6B75E}.Release|x64.Build.0 = Release|Any CPU
		{CDDD78F2-52BE-4997-A90B-025162A6B75E}.Release|x86.ActiveCfg = Release|Any CPU
		{CDDD78F2-52BE-4997-A90B-025162A6B75E}.Release|x86.Build.0 = Release|Any CPU
		{85F2C927-3165-41FE-93B3-EB8D0852C783}.Debug|Any CPU.ActiveCfg = Debug|Any CPU
		{85F2C927-3165-41FE-93B3-EB8D0852C783}.Debug|Any CPU.Build.0 = Debug|Any CPU
		{85F2C927-3165-41FE-93B3-EB8D0852C783}.Debug|x64.ActiveCfg = Debug|Any CPU
		{85F2C927-3165-41FE-93B3-EB8D0852C783}.Debug|x64.Build.0 = Debug|Any CPU
		{85F2C927-3165-41FE-93B3-EB8D0852C783}.Debug|x86.ActiveCfg = Debug|Any CPU
		{85F2C927-3165-41FE-93B3-EB8D0852C783}.Debug|x86.Build.0 = Debug|Any CPU
		{85F2C927-3165-41FE-93B3-EB8D0852C783}.Release|Any CPU.ActiveCfg = Release|Any CPU
		{85F2C927-3165-41FE-93B3-EB8D0852C783}.Release|Any CPU.Build.0 = Release|Any CPU
		{85F2C927-3165-41FE-93B3-EB8D0852C783}.Release|x64.ActiveCfg = Release|Any CPU
		{85F2C927-3165-41FE-93B3-EB8D0852C783}.Release|x64.Build.0 = Release|Any CPU
		{85F2C927-3165-41FE-93B3-EB8D0852C783}.Release|x86.ActiveCfg = Release|Any CPU
		{85F2C927-3165-41FE-93B3-EB8D0852C783}.Release|x86.Build.0 = Release|Any CPU
	EndGlobalSection
	GlobalSection(SolutionProperties) = preSolution
		HideSolutionNode = FALSE
	EndGlobalSection
	GlobalSection(NestedProjects) = preSolution
		{563B85AD-5CE0-49D0-B37C-FFE67719A96A} = {4F03349B-F593-43FF-8AC3-840F9719533C}
		{AF3C12A3-629C-4173-B285-629E4468DD0A} = {4F03349B-F593-43FF-8AC3-840F9719533C}
		{471A8CB9-20CA-4017-A720-21032E52769E} = {AE73CD1E-7ED0-4E5E-961B-28D9CFCC5FF5}
		{7F916CF9-3914-4F13-A31A-F7B171D2FB7C} = {80316025-82CE-4DCA-AAC8-34C7D5422911}
		{074EFAF3-EF03-4F5A-B63E-15579A25C122} = {BA2EA905-E129-4F9C-8FC0-BE643F9B967D}
		{CA81A039-C21D-443D-AD78-A9129A6B1CA2} = {80316025-82CE-4DCA-AAC8-34C7D5422911}
		{CA71B139-7A33-4E0D-B789-E72EDCD354E3} = {80316025-82CE-4DCA-AAC8-34C7D5422911}
		{0E5AD4C5-DCA2-4AD6-BEF6-3666D59D6901} = {BA2EA905-E129-4F9C-8FC0-BE643F9B967D}
		{D18042D3-43F9-4EE1-A16E-8CC3F82E131D} = {80316025-82CE-4DCA-AAC8-34C7D5422911}
		{F4E387A9-EE3D-4D32-841D-2ADBCA518ECA} = {80316025-82CE-4DCA-AAC8-34C7D5422911}
		{CDDD78F2-52BE-4997-A90B-025162A6B75E} = {4F03349B-F593-43FF-8AC3-840F9719533C}
		{85F2C927-3165-41FE-93B3-EB8D0852C783} = {80316025-82CE-4DCA-AAC8-34C7D5422911}
	EndGlobalSection
	GlobalSection(ExtensibilityGlobals) = postSolution
		SolutionGuid = {A15DB84E-1B1F-4125-AF86-6C268EE10C55}
	EndGlobalSection
EndGlobal
